// !$*UTF8*$!
{
	archiveVersion = 1;
	classes = {
	};
	objectVersion = 50;
	objects = {

/* Begin PBXBuildFile section */
		E349F0D0252DC0CC00E001B1 /* YubisashiClassifier WatchKit App.app in Embed Watch Content */ = {isa = PBXBuildFile; fileRef = E349F0CF252DC0CC00E001B1 /* YubisashiClassifier WatchKit App.app */; settings = {ATTRIBUTES = (RemoveHeadersOnCopy, ); }; };
		E349F0D6252DC0CC00E001B1 /* Interface.storyboard in Resources */ = {isa = PBXBuildFile; fileRef = E349F0D4252DC0CC00E001B1 /* Interface.storyboard */; };
		E349F0D8252DC0CC00E001B1 /* Assets.xcassets in Resources */ = {isa = PBXBuildFile; fileRef = E349F0D7252DC0CC00E001B1 /* Assets.xcassets */; };
		E349F0DF252DC0CC00E001B1 /* YubisashiClassifier WatchKit Extension.appex in Embed App Extensions */ = {isa = PBXBuildFile; fileRef = E349F0DE252DC0CC00E001B1 /* YubisashiClassifier WatchKit Extension.appex */; settings = {ATTRIBUTES = (RemoveHeadersOnCopy, ); }; };
		E349F0E4252DC0CC00E001B1 /* InterfaceController.swift in Sources */ = {isa = PBXBuildFile; fileRef = E349F0E3252DC0CC00E001B1 /* InterfaceController.swift */; };
		E349F0E6252DC0CC00E001B1 /* ExtensionDelegate.swift in Sources */ = {isa = PBXBuildFile; fileRef = E349F0E5252DC0CC00E001B1 /* ExtensionDelegate.swift */; };
		E349F0E8252DC0CC00E001B1 /* NotificationController.swift in Sources */ = {isa = PBXBuildFile; fileRef = E349F0E7252DC0CC00E001B1 /* NotificationController.swift */; };
		E349F0EA252DC0CC00E001B1 /* ComplicationController.swift in Sources */ = {isa = PBXBuildFile; fileRef = E349F0E9252DC0CC00E001B1 /* ComplicationController.swift */; };
		E349F0EC252DC0CD00E001B1 /* Assets.xcassets in Resources */ = {isa = PBXBuildFile; fileRef = E349F0EB252DC0CD00E001B1 /* Assets.xcassets */; };
		E349F10A252DC22900E001B1 /* HealthKit.framework in Frameworks */ = {isa = PBXBuildFile; fileRef = E349F109252DC22900E001B1 /* HealthKit.framework */; };
		E349F144252DC43F00E001B1 /* yoshi.png in Resources */ = {isa = PBXBuildFile; fileRef = E349F143252DC43F00E001B1 /* yoshi.png */; };
		E349F149252DC5E400E001B1 /* YubisashiMotionClassifier.swift in Sources */ = {isa = PBXBuildFile; fileRef = E349F148252DC5E400E001B1 /* YubisashiMotionClassifier.swift */; };
		E34B360C253203050060C467 /* YubisashiClassifier 30.mlmodel in Sources */ = {isa = PBXBuildFile; fileRef = E34B360B253203050060C467 /* YubisashiClassifier 30.mlmodel */; };
/* End PBXBuildFile section */

/* Begin PBXContainerItemProxy section */
		E349F0D1252DC0CC00E001B1 /* PBXContainerItemProxy */ = {
			isa = PBXContainerItemProxy;
			containerPortal = E349F0C5252DC0CB00E001B1 /* Project object */;
			proxyType = 1;
			remoteGlobalIDString = E349F0CE252DC0CC00E001B1;
			remoteInfo = "YubisashiClassifier WatchKit App";
		};
		E349F0E0252DC0CC00E001B1 /* PBXContainerItemProxy */ = {
			isa = PBXContainerItemProxy;
			containerPortal = E349F0C5252DC0CB00E001B1 /* Project object */;
			proxyType = 1;
			remoteGlobalIDString = E349F0DD252DC0CC00E001B1;
			remoteInfo = "YubisashiClassifier WatchKit Extension";
		};
/* End PBXContainerItemProxy section */

/* Begin PBXCopyFilesBuildPhase section */
		E349F0F4252DC0CD00E001B1 /* Embed App Extensions */ = {
			isa = PBXCopyFilesBuildPhase;
			buildActionMask = 2147483647;
			dstPath = "";
			dstSubfolderSpec = 13;
			files = (
				E349F0DF252DC0CC00E001B1 /* YubisashiClassifier WatchKit Extension.appex in Embed App Extensions */,
			);
			name = "Embed App Extensions";
			runOnlyForDeploymentPostprocessing = 0;
		};
		E349F0F8252DC0CD00E001B1 /* Embed Watch Content */ = {
			isa = PBXCopyFilesBuildPhase;
			buildActionMask = 2147483647;
			dstPath = "$(CONTENTS_FOLDER_PATH)/Watch";
			dstSubfolderSpec = 16;
			files = (
				E349F0D0252DC0CC00E001B1 /* YubisashiClassifier WatchKit App.app in Embed Watch Content */,
			);
			name = "Embed Watch Content";
			runOnlyForDeploymentPostprocessing = 0;
		};
/* End PBXCopyFilesBuildPhase section */

/* Begin PBXFileReference section */
		E349F0CB252DC0CB00E001B1 /* YubisashiClassifier.app */ = {isa = PBXFileReference; explicitFileType = wrapper.application; includeInIndex = 0; path = YubisashiClassifier.app; sourceTree = BUILT_PRODUCTS_DIR; };
		E349F0CF252DC0CC00E001B1 /* YubisashiClassifier WatchKit App.app */ = {isa = PBXFileReference; explicitFileType = wrapper.application; includeInIndex = 0; path = "YubisashiClassifier WatchKit App.app"; sourceTree = BUILT_PRODUCTS_DIR; };
		E349F0D5252DC0CC00E001B1 /* Base */ = {isa = PBXFileReference; lastKnownFileType = file.storyboard; name = Base; path = Base.lproj/Interface.storyboard; sourceTree = "<group>"; };
		E349F0D7252DC0CC00E001B1 /* Assets.xcassets */ = {isa = PBXFileReference; lastKnownFileType = folder.assetcatalog; path = Assets.xcassets; sourceTree = "<group>"; };
		E349F0D9252DC0CC00E001B1 /* Info.plist */ = {isa = PBXFileReference; lastKnownFileType = text.plist.xml; path = Info.plist; sourceTree = "<group>"; };
		E349F0DE252DC0CC00E001B1 /* YubisashiClassifier WatchKit Extension.appex */ = {isa = PBXFileReference; explicitFileType = "wrapper.app-extension"; includeInIndex = 0; path = "YubisashiClassifier WatchKit Extension.appex"; sourceTree = BUILT_PRODUCTS_DIR; };
		E349F0E3252DC0CC00E001B1 /* InterfaceController.swift */ = {isa = PBXFileReference; lastKnownFileType = sourcecode.swift; path = InterfaceController.swift; sourceTree = "<group>"; };
		E349F0E5252DC0CC00E001B1 /* ExtensionDelegate.swift */ = {isa = PBXFileReference; lastKnownFileType = sourcecode.swift; path = ExtensionDelegate.swift; sourceTree = "<group>"; };
		E349F0E7252DC0CC00E001B1 /* NotificationController.swift */ = {isa = PBXFileReference; lastKnownFileType = sourcecode.swift; path = NotificationController.swift; sourceTree = "<group>"; };
		E349F0E9252DC0CC00E001B1 /* ComplicationController.swift */ = {isa = PBXFileReference; lastKnownFileType = sourcecode.swift; path = ComplicationController.swift; sourceTree = "<group>"; };
		E349F0EB252DC0CD00E001B1 /* Assets.xcassets */ = {isa = PBXFileReference; lastKnownFileType = folder.assetcatalog; path = Assets.xcassets; sourceTree = "<group>"; };
		E349F0ED252DC0CD00E001B1 /* Info.plist */ = {isa = PBXFileReference; lastKnownFileType = text.plist.xml; path = Info.plist; sourceTree = "<group>"; };
		E349F0EE252DC0CD00E001B1 /* PushNotificationPayload.apns */ = {isa = PBXFileReference; lastKnownFileType = text; path = PushNotificationPayload.apns; sourceTree = "<group>"; };
		E349F107252DC22900E001B1 /* YubisashiClassifier WatchKit Extension.entitlements */ = {isa = PBXFileReference; lastKnownFileType = text.plist.entitlements; path = "YubisashiClassifier WatchKit Extension.entitlements"; sourceTree = "<group>"; };
		E349F109252DC22900E001B1 /* HealthKit.framework */ = {isa = PBXFileReference; lastKnownFileType = wrapper.framework; name = HealthKit.framework; path = Platforms/WatchOS.platform/Developer/SDKs/WatchOS7.0.sdk/System/Library/Frameworks/HealthKit.framework; sourceTree = DEVELOPER_DIR; };
		E349F143252DC43F00E001B1 /* yoshi.png */ = {isa = PBXFileReference; lastKnownFileType = image.png; path = yoshi.png; sourceTree = "<group>"; };
		E349F148252DC5E400E001B1 /* YubisashiMotionClassifier.swift */ = {isa = PBXFileReference; fileEncoding = 4; lastKnownFileType = sourcecode.swift; path = YubisashiMotionClassifier.swift; sourceTree = "<group>"; };
		E34B360B253203050060C467 /* YubisashiClassifier 30.mlmodel */ = {isa = PBXFileReference; lastKnownFileType = file.mlmodel; path = "YubisashiClassifier 30.mlmodel"; sourceTree = "<group>"; };
/* End PBXFileReference section */

/* Begin PBXFrameworksBuildPhase section */
		E349F0DB252DC0CC00E001B1 /* Frameworks */ = {
			isa = PBXFrameworksBuildPhase;
			buildActionMask = 2147483647;
			files = (
				E349F10A252DC22900E001B1 /* HealthKit.framework in Frameworks */,
			);
			runOnlyForDeploymentPostprocessing = 0;
		};
/* End PBXFrameworksBuildPhase section */

/* Begin PBXGroup section */
		E349F0C4252DC0CB00E001B1 = {
			isa = PBXGroup;
			children = (
				E349F0D3252DC0CC00E001B1 /* YubisashiClassifier WatchKit App */,
				E349F0E2252DC0CC00E001B1 /* YubisashiClassifier WatchKit Extension */,
				E349F0CC252DC0CB00E001B1 /* Products */,
				E349F108252DC22900E001B1 /* Frameworks */,
			);
			sourceTree = "<group>";
		};
		E349F0CC252DC0CB00E001B1 /* Products */ = {
			isa = PBXGroup;
			children = (
				E349F0CB252DC0CB00E001B1 /* YubisashiClassifier.app */,
				E349F0CF252DC0CC00E001B1 /* YubisashiClassifier WatchKit App.app */,
				E349F0DE252DC0CC00E001B1 /* YubisashiClassifier WatchKit Extension.appex */,
			);
			name = Products;
			sourceTree = "<group>";
		};
		E349F0D3252DC0CC00E001B1 /* YubisashiClassifier WatchKit App */ = {
			isa = PBXGroup;
			children = (
				E349F143252DC43F00E001B1 /* yoshi.png */,
				E349F0D4252DC0CC00E001B1 /* Interface.storyboard */,
				E349F0D7252DC0CC00E001B1 /* Assets.xcassets */,
				E349F0D9252DC0CC00E001B1 /* Info.plist */,
			);
			path = "YubisashiClassifier WatchKit App";
			sourceTree = "<group>";
		};
		E349F0E2252DC0CC00E001B1 /* YubisashiClassifier WatchKit Extension */ = {
			isa = PBXGroup;
			children = (
				E34B360B253203050060C467 /* YubisashiClassifier 30.mlmodel */,
				E349F148252DC5E400E001B1 /* YubisashiMotionClassifier.swift */,
				E349F107252DC22900E001B1 /* YubisashiClassifier WatchKit Extension.entitlements */,
				E349F0E3252DC0CC00E001B1 /* InterfaceController.swift */,
				E349F0E5252DC0CC00E001B1 /* ExtensionDelegate.swift */,
				E349F0E7252DC0CC00E001B1 /* NotificationController.swift */,
				E349F0E9252DC0CC00E001B1 /* ComplicationController.swift */,
				E349F0EB252DC0CD00E001B1 /* Assets.xcassets */,
				E349F0ED252DC0CD00E001B1 /* Info.plist */,
				E349F0EE252DC0CD00E001B1 /* PushNotificationPayload.apns */,
			);
			path = "YubisashiClassifier WatchKit Extension";
			sourceTree = "<group>";
		};
		E349F108252DC22900E001B1 /* Frameworks */ = {
			isa = PBXGroup;
			children = (
				E349F109252DC22900E001B1 /* HealthKit.framework */,
			);
			name = Frameworks;
			sourceTree = "<group>";
		};
/* End PBXGroup section */

/* Begin PBXNativeTarget section */
		E349F0CA252DC0CB00E001B1 /* YubisashiClassifier */ = {
			isa = PBXNativeTarget;
			buildConfigurationList = E349F0F9252DC0CD00E001B1 /* Build configuration list for PBXNativeTarget "YubisashiClassifier" */;
			buildPhases = (
				E349F0C9252DC0CB00E001B1 /* Resources */,
				E349F0F8252DC0CD00E001B1 /* Embed Watch Content */,
			);
			buildRules = (
			);
			dependencies = (
				E349F0D2252DC0CC00E001B1 /* PBXTargetDependency */,
			);
			name = YubisashiClassifier;
			productName = YubisashiClassifier;
			productReference = E349F0CB252DC0CB00E001B1 /* YubisashiClassifier.app */;
			productType = "com.apple.product-type.application.watchapp2-container";
		};
		E349F0CE252DC0CC00E001B1 /* YubisashiClassifier WatchKit App */ = {
			isa = PBXNativeTarget;
			buildConfigurationList = E349F0F5252DC0CD00E001B1 /* Build configuration list for PBXNativeTarget "YubisashiClassifier WatchKit App" */;
			buildPhases = (
				E349F0CD252DC0CC00E001B1 /* Resources */,
				E349F0F4252DC0CD00E001B1 /* Embed App Extensions */,
			);
			buildRules = (
			);
			dependencies = (
				E349F0E1252DC0CC00E001B1 /* PBXTargetDependency */,
			);
			name = "YubisashiClassifier WatchKit App";
			productName = "YubisashiClassifier WatchKit App";
			productReference = E349F0CF252DC0CC00E001B1 /* YubisashiClassifier WatchKit App.app */;
			productType = "com.apple.product-type.application.watchapp2";
		};
		E349F0DD252DC0CC00E001B1 /* YubisashiClassifier WatchKit Extension */ = {
			isa = PBXNativeTarget;
			buildConfigurationList = E349F0F1252DC0CD00E001B1 /* Build configuration list for PBXNativeTarget "YubisashiClassifier WatchKit Extension" */;
			buildPhases = (
				E349F0DA252DC0CC00E001B1 /* Sources */,
				E349F0DB252DC0CC00E001B1 /* Frameworks */,
				E349F0DC252DC0CC00E001B1 /* Resources */,
			);
			buildRules = (
			);
			dependencies = (
			);
			name = "YubisashiClassifier WatchKit Extension";
			productName = "YubisashiClassifier WatchKit Extension";
			productReference = E349F0DE252DC0CC00E001B1 /* YubisashiClassifier WatchKit Extension.appex */;
			productType = "com.apple.product-type.watchkit2-extension";
		};
/* End PBXNativeTarget section */

/* Begin PBXProject section */
		E349F0C5252DC0CB00E001B1 /* Project object */ = {
			isa = PBXProject;
			attributes = {
				LastSwiftUpdateCheck = 1200;
				LastUpgradeCheck = 1200;
				TargetAttributes = {
					E349F0CA252DC0CB00E001B1 = {
						CreatedOnToolsVersion = 12.0.1;
					};
					E349F0CE252DC0CC00E001B1 = {
						CreatedOnToolsVersion = 12.0.1;
					};
					E349F0DD252DC0CC00E001B1 = {
						CreatedOnToolsVersion = 12.0.1;
					};
				};
			};
			buildConfigurationList = E349F0C8252DC0CB00E001B1 /* Build configuration list for PBXProject "YubisashiClassifier" */;
			compatibilityVersion = "Xcode 9.3";
			developmentRegion = en;
			hasScannedForEncodings = 0;
			knownRegions = (
				en,
				Base,
			);
			mainGroup = E349F0C4252DC0CB00E001B1;
			productRefGroup = E349F0CC252DC0CB00E001B1 /* Products */;
			projectDirPath = "";
			projectRoot = "";
			targets = (
				E349F0CA252DC0CB00E001B1 /* YubisashiClassifier */,
				E349F0CE252DC0CC00E001B1 /* YubisashiClassifier WatchKit App */,
				E349F0DD252DC0CC00E001B1 /* YubisashiClassifier WatchKit Extension */,
			);
		};
/* End PBXProject section */

/* Begin PBXResourcesBuildPhase section */
		E349F0C9252DC0CB00E001B1 /* Resources */ = {
			isa = PBXResourcesBuildPhase;
			buildActionMask = 2147483647;
			files = (
			);
			runOnlyForDeploymentPostprocessing = 0;
		};
		E349F0CD252DC0CC00E001B1 /* Resources */ = {
			isa = PBXResourcesBuildPhase;
			buildActionMask = 2147483647;
			files = (
				E349F144252DC43F00E001B1 /* yoshi.png in Resources */,
				E349F0D8252DC0CC00E001B1 /* Assets.xcassets in Resources */,
				E349F0D6252DC0CC00E001B1 /* Interface.storyboard in Resources */,
			);
			runOnlyForDeploymentPostprocessing = 0;
		};
		E349F0DC252DC0CC00E001B1 /* Resources */ = {
			isa = PBXResourcesBuildPhase;
			buildActionMask = 2147483647;
			files = (
				E349F0EC252DC0CD00E001B1 /* Assets.xcassets in Resources */,
			);
			runOnlyForDeploymentPostprocessing = 0;
		};
/* End PBXResourcesBuildPhase section */

/* Begin PBXSourcesBuildPhase section */
		E349F0DA252DC0CC00E001B1 /* Sources */ = {
			isa = PBXSourcesBuildPhase;
			buildActionMask = 2147483647;
			files = (
				E349F149252DC5E400E001B1 /* YubisashiMotionClassifier.swift in Sources */,
				E34B360C253203050060C467 /* YubisashiClassifier 30.mlmodel in Sources */,
				E349F0E8252DC0CC00E001B1 /* NotificationController.swift in Sources */,
				E349F0EA252DC0CC00E001B1 /* ComplicationController.swift in Sources */,
				E349F0E6252DC0CC00E001B1 /* ExtensionDelegate.swift in Sources */,
				E349F0E4252DC0CC00E001B1 /* InterfaceController.swift in Sources */,
			);
			runOnlyForDeploymentPostprocessing = 0;
		};
/* End PBXSourcesBuildPhase section */

/* Begin PBXTargetDependency section */
		E349F0D2252DC0CC00E001B1 /* PBXTargetDependency */ = {
			isa = PBXTargetDependency;
			target = E349F0CE252DC0CC00E001B1 /* YubisashiClassifier WatchKit App */;
			targetProxy = E349F0D1252DC0CC00E001B1 /* PBXContainerItemProxy */;
		};
		E349F0E1252DC0CC00E001B1 /* PBXTargetDependency */ = {
			isa = PBXTargetDependency;
			target = E349F0DD252DC0CC00E001B1 /* YubisashiClassifier WatchKit Extension */;
			targetProxy = E349F0E0252DC0CC00E001B1 /* PBXContainerItemProxy */;
		};
/* End PBXTargetDependency section */

/* Begin PBXVariantGroup section */
		E349F0D4252DC0CC00E001B1 /* Interface.storyboard */ = {
			isa = PBXVariantGroup;
			children = (
				E349F0D5252DC0CC00E001B1 /* Base */,
			);
			name = Interface.storyboard;
			sourceTree = "<group>";
		};
/* End PBXVariantGroup section */

/* Begin XCBuildConfiguration section */
		E349F0EF252DC0CD00E001B1 /* Debug */ = {
			isa = XCBuildConfiguration;
			buildSettings = {
				ALWAYS_SEARCH_USER_PATHS = NO;
				CLANG_ANALYZER_NONNULL = YES;
				CLANG_ANALYZER_NUMBER_OBJECT_CONVERSION = YES_AGGRESSIVE;
				CLANG_CXX_LANGUAGE_STANDARD = "gnu++14";
				CLANG_CXX_LIBRARY = "libc++";
				CLANG_ENABLE_MODULES = YES;
				CLANG_ENABLE_OBJC_ARC = YES;
				CLANG_ENABLE_OBJC_WEAK = YES;
				CLANG_WARN_BLOCK_CAPTURE_AUTORELEASING = YES;
				CLANG_WARN_BOOL_CONVERSION = YES;
				CLANG_WARN_COMMA = YES;
				CLANG_WARN_CONSTANT_CONVERSION = YES;
				CLANG_WARN_DEPRECATED_OBJC_IMPLEMENTATIONS = YES;
				CLANG_WARN_DIRECT_OBJC_ISA_USAGE = YES_ERROR;
				CLANG_WARN_DOCUMENTATION_COMMENTS = YES;
				CLANG_WARN_EMPTY_BODY = YES;
				CLANG_WARN_ENUM_CONVERSION = YES;
				CLANG_WARN_INFINITE_RECURSION = YES;
				CLANG_WARN_INT_CONVERSION = YES;
				CLANG_WARN_NON_LITERAL_NULL_CONVERSION = YES;
				CLANG_WARN_OBJC_IMPLICIT_RETAIN_SELF = YES;
				CLANG_WARN_OBJC_LITERAL_CONVERSION = YES;
				CLANG_WARN_OBJC_ROOT_CLASS = YES_ERROR;
				CLANG_WARN_QUOTED_INCLUDE_IN_FRAMEWORK_HEADER = YES;
				CLANG_WARN_RANGE_LOOP_ANALYSIS = YES;
				CLANG_WARN_STRICT_PROTOTYPES = YES;
				CLANG_WARN_SUSPICIOUS_MOVE = YES;
				CLANG_WARN_UNGUARDED_AVAILABILITY = YES_AGGRESSIVE;
				CLANG_WARN_UNREACHABLE_CODE = YES;
				CLANG_WARN__DUPLICATE_METHOD_MATCH = YES;
				COPY_PHASE_STRIP = NO;
				DEBUG_INFORMATION_FORMAT = dwarf;
				ENABLE_STRICT_OBJC_MSGSEND = YES;
				ENABLE_TESTABILITY = YES;
				GCC_C_LANGUAGE_STANDARD = gnu11;
				GCC_DYNAMIC_NO_PIC = NO;
				GCC_NO_COMMON_BLOCKS = YES;
				GCC_OPTIMIZATION_LEVEL = 0;
				GCC_PREPROCESSOR_DEFINITIONS = (
					"DEBUG=1",
					"$(inherited)",
				);
				GCC_WARN_64_TO_32_BIT_CONVERSION = YES;
				GCC_WARN_ABOUT_RETURN_TYPE = YES_ERROR;
				GCC_WARN_UNDECLARED_SELECTOR = YES;
				GCC_WARN_UNINITIALIZED_AUTOS = YES_AGGRESSIVE;
				GCC_WARN_UNUSED_FUNCTION = YES;
				GCC_WARN_UNUSED_VARIABLE = YES;
				MTL_ENABLE_DEBUG_INFO = INCLUDE_SOURCE;
				MTL_FAST_MATH = YES;
				ONLY_ACTIVE_ARCH = YES;
				SDKROOT = iphoneos;
				SWIFT_ACTIVE_COMPILATION_CONDITIONS = DEBUG;
				SWIFT_OPTIMIZATION_LEVEL = "-Onone";
			};
			name = Debug;
		};
		E349F0F0252DC0CD00E001B1 /* Release */ = {
			isa = XCBuildConfiguration;
			buildSettings = {
				ALWAYS_SEARCH_USER_PATHS = NO;
				CLANG_ANALYZER_NONNULL = YES;
				CLANG_ANALYZER_NUMBER_OBJECT_CONVERSION = YES_AGGRESSIVE;
				CLANG_CXX_LANGUAGE_STANDARD = "gnu++14";
				CLANG_CXX_LIBRARY = "libc++";
				CLANG_ENABLE_MODULES = YES;
				CLANG_ENABLE_OBJC_ARC = YES;
				CLANG_ENABLE_OBJC_WEAK = YES;
				CLANG_WARN_BLOCK_CAPTURE_AUTORELEASING = YES;
				CLANG_WARN_BOOL_CONVERSION = YES;
				CLANG_WARN_COMMA = YES;
				CLANG_WARN_CONSTANT_CONVERSION = YES;
				CLANG_WARN_DEPRECATED_OBJC_IMPLEMENTATIONS = YES;
				CLANG_WARN_DIRECT_OBJC_ISA_USAGE = YES_ERROR;
				CLANG_WARN_DOCUMENTATION_COMMENTS = YES;
				CLANG_WARN_EMPTY_BODY = YES;
				CLANG_WARN_ENUM_CONVERSION = YES;
				CLANG_WARN_INFINITE_RECURSION = YES;
				CLANG_WARN_INT_CONVERSION = YES;
				CLANG_WARN_NON_LITERAL_NULL_CONVERSION = YES;
				CLANG_WARN_OBJC_IMPLICIT_RETAIN_SELF = YES;
				CLANG_WARN_OBJC_LITERAL_CONVERSION = YES;
				CLANG_WARN_OBJC_ROOT_CLASS = YES_ERROR;
				CLANG_WARN_QUOTED_INCLUDE_IN_FRAMEWORK_HEADER = YES;
				CLANG_WARN_RANGE_LOOP_ANALYSIS = YES;
				CLANG_WARN_STRICT_PROTOTYPES = YES;
				CLANG_WARN_SUSPICIOUS_MOVE = YES;
				CLANG_WARN_UNGUARDED_AVAILABILITY = YES_AGGRESSIVE;
				CLANG_WARN_UNREACHABLE_CODE = YES;
				CLANG_WARN__DUPLICATE_METHOD_MATCH = YES;
				COPY_PHASE_STRIP = NO;
				DEBUG_INFORMATION_FORMAT = "dwarf-with-dsym";
				ENABLE_NS_ASSERTIONS = NO;
				ENABLE_STRICT_OBJC_MSGSEND = YES;
				GCC_C_LANGUAGE_STANDARD = gnu11;
				GCC_NO_COMMON_BLOCKS = YES;
				GCC_WARN_64_TO_32_BIT_CONVERSION = YES;
				GCC_WARN_ABOUT_RETURN_TYPE = YES_ERROR;
				GCC_WARN_UNDECLARED_SELECTOR = YES;
				GCC_WARN_UNINITIALIZED_AUTOS = YES_AGGRESSIVE;
				GCC_WARN_UNUSED_FUNCTION = YES;
				GCC_WARN_UNUSED_VARIABLE = YES;
				MTL_ENABLE_DEBUG_INFO = NO;
				MTL_FAST_MATH = YES;
				SDKROOT = iphoneos;
				SWIFT_COMPILATION_MODE = wholemodule;
				SWIFT_OPTIMIZATION_LEVEL = "-O";
				VALIDATE_PRODUCT = YES;
			};
			name = Release;
		};
		E349F0F2252DC0CD00E001B1 /* Debug */ = {
			isa = XCBuildConfiguration;
			buildSettings = {
				ASSETCATALOG_COMPILER_COMPLICATION_NAME = Complication;
				CODE_SIGN_ENTITLEMENTS = "YubisashiClassifier WatchKit Extension/YubisashiClassifier WatchKit Extension.entitlements";
				CODE_SIGN_STYLE = Automatic;
				DEVELOPMENT_TEAM = 5QJR7K89TS;
				INFOPLIST_FILE = "YubisashiClassifier WatchKit Extension/Info.plist";
				LD_RUNPATH_SEARCH_PATHS = (
					"$(inherited)",
					"@executable_path/Frameworks",
					"@executable_path/../../Frameworks",
				);
				PRODUCT_BUNDLE_IDENTIFIER = com.example.YubisashiClassifier.watchkitapp.watchkitextension;
				PRODUCT_NAME = "${TARGET_NAME}";
				SDKROOT = watchos;
				SKIP_INSTALL = YES;
				SWIFT_VERSION = 5.0;
				TARGETED_DEVICE_FAMILY = 4;
				WATCHOS_DEPLOYMENT_TARGET = 7.0;
			};
			name = Debug;
		};
		E349F0F3252DC0CD00E001B1 /* Release */ = {
			isa = XCBuildConfiguration;
			buildSettings = {
				ASSETCATALOG_COMPILER_COMPLICATION_NAME = Complication;
				CODE_SIGN_ENTITLEMENTS = "YubisashiClassifier WatchKit Extension/YubisashiClassifier WatchKit Extension.entitlements";
				CODE_SIGN_STYLE = Automatic;
				DEVELOPMENT_TEAM = 5QJR7K89TS;
				INFOPLIST_FILE = "YubisashiClassifier WatchKit Extension/Info.plist";
				LD_RUNPATH_SEARCH_PATHS = (
					"$(inherited)",
					"@executable_path/Frameworks",
					"@executable_path/../../Frameworks",
				);
				PRODUCT_BUNDLE_IDENTIFIER = com.example.YubisashiClassifier.watchkitapp.watchkitextension;
				PRODUCT_NAME = "${TARGET_NAME}";
				SDKROOT = watchos;
				SKIP_INSTALL = YES;
				SWIFT_VERSION = 5.0;
				TARGETED_DEVICE_FAMILY = 4;
				WATCHOS_DEPLOYMENT_TARGET = 7.0;
			};
			name = Release;
		};
		E349F0F6252DC0CD00E001B1 /* Debug */ = {
			isa = XCBuildConfiguration;
			buildSettings = {
				ALWAYS_EMBED_SWIFT_STANDARD_LIBRARIES = YES;
				ASSETCATALOG_COMPILER_APPICON_NAME = AppIcon;
				ASSETCATALOG_COMPILER_GLOBAL_ACCENT_COLOR_NAME = AccentColor;
				CODE_SIGN_STYLE = Automatic;
				DEVELOPMENT_TEAM = 5QJR7K89TS;
				IBSC_MODULE = YubisashiClassifier_WatchKit_Extension;
				INFOPLIST_FILE = "YubisashiClassifier WatchKit App/Info.plist";
				PRODUCT_BUNDLE_IDENTIFIER = com.example.YubisashiClassifier.watchkitapp;
				PRODUCT_NAME = "$(TARGET_NAME)";
				SDKROOT = watchos;
				SKIP_INSTALL = YES;
				SWIFT_VERSION = 5.0;
				TARGETED_DEVICE_FAMILY = 4;
				WATCHOS_DEPLOYMENT_TARGET = 7.0;
			};
			name = Debug;
		};
		E349F0F7252DC0CD00E001B1 /* Release */ = {
			isa = XCBuildConfiguration;
			buildSettings = {
				ALWAYS_EMBED_SWIFT_STANDARD_LIBRARIES = YES;
				ASSETCATALOG_COMPILER_APPICON_NAME = AppIcon;
				ASSETCATALOG_COMPILER_GLOBAL_ACCENT_COLOR_NAME = AccentColor;
				CODE_SIGN_STYLE = Automatic;
				DEVELOPMENT_TEAM = 5QJR7K89TS;
				IBSC_MODULE = YubisashiClassifier_WatchKit_Extension;
				INFOPLIST_FILE = "YubisashiClassifier WatchKit App/Info.plist";
				PRODUCT_BUNDLE_IDENTIFIER = com.example.YubisashiClassifier.watchkitapp;
				PRODUCT_NAME = "$(TARGET_NAME)";
				SDKROOT = watchos;
				SKIP_INSTALL = YES;
				SWIFT_VERSION = 5.0;
				TARGETED_DEVICE_FAMILY = 4;
				WATCHOS_DEPLOYMENT_TARGET = 7.0;
			};
			name = Release;
		};
		E349F0FA252DC0CD00E001B1 /* Debug */ = {
			isa = XCBuildConfiguration;
			buildSettings = {
				CODE_SIGN_STYLE = Automatic;
				CURRENT_PROJECT_VERSION = 1;
				DEVELOPMENT_TEAM = 5QJR7K89TS;
				MARKETING_VERSION = 1.0;
				PRODUCT_BUNDLE_IDENTIFIER = com.example.YubisashiClassifier;
				PRODUCT_NAME = "$(TARGET_NAME)";
				SWIFT_VERSION = 5.0;
			};
			name = Debug;
		};
		E349F0FB252DC0CD00E001B1 /* Release */ = {
			isa = XCBuildConfiguration;
			buildSettings = {
				CODE_SIGN_STYLE = Automatic;
				CURRENT_PROJECT_VERSION = 1;
				DEVELOPMENT_TEAM = 5QJR7K89TS;
				MARKETING_VERSION = 1.0;
				PRODUCT_BUNDLE_IDENTIFIER = com.example.YubisashiClassifier;
				PRODUCT_NAME = "$(TARGET_NAME)";
				SWIFT_VERSION = 5.0;
			};
			name = Release;
		};
/* End XCBuildConfiguration section */

/* Begin XCConfigurationList section */
		E349F0C8252DC0CB00E001B1 /* Build configuration list for PBXProject "YubisashiClassifier" */ = {
			isa = XCConfigurationList;
			buildConfigurations = (
				E349F0EF252DC0CD00E001B1 /* Debug */,
				E349F0F0252DC0CD00E001B1 /* Release */,
			);
			defaultConfigurationIsVisible = 0;
			defaultConfigurationName = Release;
		};
		E349F0F1252DC0CD00E001B1 /* Build configuration list for PBXNativeTarget "YubisashiClassifier WatchKit Extension" */ = {
			isa = XCConfigurationList;
			buildConfigurations = (
				E349F0F2252DC0CD00E001B1 /* Debug */,
				E349F0F3252DC0CD00E001B1 /* Release */,
			);
			defaultConfigurationIsVisible = 0;
			defaultConfigurationName = Release;
		};
		E349F0F5252DC0CD00E001B1 /* Build configuration list for PBXNativeTarget "YubisashiClassifier WatchKit App" */ = {
			isa = XCConfigurationList;
			buildConfigurations = (
				E349F0F6252DC0CD00E001B1 /* Debug */,
				E349F0F7252DC0CD00E001B1 /* Release */,
			);
			defaultConfigurationIsVisible = 0;
			defaultConfigurationName = Release;
		};
		E349F0F9252DC0CD00E001B1 /* Build configuration list for PBXNativeTarget "YubisashiClassifier" */ = {
			isa = XCConfigurationList;
			buildConfigurations = (
				E349F0FA252DC0CD00E001B1 /* Debug */,
				E349F0FB252DC0CD00E001B1 /* Release */,
			);
			defaultConfigurationIsVisible = 0;
			defaultConfigurationName = Release;
		};
/* End XCConfigurationList section */
	};
	rootObject = E349F0C5252DC0CB00E001B1 /* Project object */;
}
